// !$*UTF8*$!
{
	archiveVersion = 1;
	classes = {
	};
	objectVersion = 77;
	objects = {

/* Begin PBXBuildFile section */
		420000000000000000000001 /* KnuckledApp.swift in Sources */ = {isa = PBXBuildFile; fileRef = 410000000000000000000001 /* KnuckledApp.swift */; };
		420000000000000000000002 /* Theme.swift in Sources */ = {isa = PBXBuildFile; fileRef = 410000000000000000000002 /* Theme.swift */; };
		420000000000000000000003 /* StartScreen.swift in Sources */ = {isa = PBXBuildFile; fileRef = 410000000000000000000003 /* StartScreen.swift */; };
		420000000000000000000004 /* GameSession.swift in Sources */ = {isa = PBXBuildFile; fileRef = 410000000000000000000004 /* GameSession.swift */; };
		420000000000000000000005 /* GameScreen.swift in Sources */ = {isa = PBXBuildFile; fileRef = 410000000000000000000005 /* GameScreen.swift */; };
		420000000000000000000006 /* BoardViews.swift in Sources */ = {isa = PBXBuildFile; fileRef = 410000000000000000000006 /* BoardViews.swift */; };
		420000000000000000000007 /* DieView.swift in Sources */ = {isa = PBXBuildFile; fileRef = 410000000000000000000007 /* DieView.swift */; };
		420000000000000000000008 /* ResultOverlays.swift in Sources */ = {isa = PBXBuildFile; fileRef = 410000000000000000000008 /* ResultOverlays.swift */; };
		420000000000000000000009 /* CinzelBold.ttf in Resources */ = {isa = PBXBuildFile; fileRef = 410000000000000000000009 /* CinzelBold.ttf */; };
		420000000000000000000010 /* GameSessionTests.swift in Sources */ = {isa = PBXBuildFile; fileRef = 410000000000000000000010 /* GameSessionTests.swift */; };
		420000000000000000000011 /* ColumnDisplayTests.swift in Sources */ = {isa = PBXBuildFile; fileRef = 410000000000000000000011 /* ColumnDisplayTests.swift */; };
		420000000000000000000012 /* SoloSmokeTests.swift in Sources */ = {isa = PBXBuildFile; fileRef = 410000000000000000000012 /* SoloSmokeTests.swift */; };
		420000000000000000000013 /* KnuckledCore in Frameworks */ = {isa = PBXBuildFile; productRef = 450000000000000000000002 /* KnuckledCore */; };
		420000000000000000000014 /* KnuckledCore in Frameworks */ = {isa = PBXBuildFile; productRef = 450000000000000000000002 /* KnuckledCore */; };
		B3D3BA711BA55DC794063E76 /* PrivacyInfo.xcprivacy in Resources */ = {isa = PBXBuildFile; fileRef = 2B7B52F312825ADD8AB2AEF8 /* PrivacyInfo.xcprivacy */; };
		8145EA50163759D794C2A6D7 /* SettingsStoreTests.swift in Sources */ = {isa = PBXBuildFile; fileRef = 9A8EE6675C6B5F4D9B209DF6 /* SettingsStoreTests.swift */; };
		E972CDB306015AEB950F5372 /* SettingsStore.swift in Sources */ = {isa = PBXBuildFile; fileRef = 74D4FAEF281B52B4AB03E6A1 /* SettingsStore.swift */; };
		D1D8C1B944185A568579DD0C /* land.wav in Resources */ = {isa = PBXBuildFile; fileRef = 0B55777F263C5AF98EB88BC7 /* land.wav */; };
		6625F8B1AFD158B69E23117D /* lose.wav in Resources */ = {isa = PBXBuildFile; fileRef = E6DA16D5539157DD944E8092 /* lose.wav */; };
		1B605595B23F5461A3127CEE /* rattle.wav in Resources */ = {isa = PBXBuildFile; fileRef = 188661DB0B9257298F84FD79 /* rattle.wav */; };
		CE63230939A052EDBDE80A3A /* tap.wav in Resources */ = {isa = PBXBuildFile; fileRef = F7E3D3C4C6C55A7C8D62B179 /* tap.wav */; };
		AEDD0D7C6B6A5928B71F57BC /* win.wav in Resources */ = {isa = PBXBuildFile; fileRef = F1007476B66B5B4E883CC7A9 /* win.wav */; };
		72FB4062D0D5501A96CB81C0 /* SoundManagerTests.swift in Sources */ = {isa = PBXBuildFile; fileRef = BDF3CEA8A0F5577DA2B41A02 /* SoundManagerTests.swift */; };
		A4F23A4BDE2E5854B15CCD2E /* SoundManager.swift in Sources */ = {isa = PBXBuildFile; fileRef = F95FA831DD9B50F59965578F /* SoundManager.swift */; };
		94120BB8B4CE5246B21A8F2F /* Haptics.swift in Sources */ = {isa = PBXBuildFile; fileRef = 7C6D4118AA6D5071BF99C9BF /* Haptics.swift */; };
/* End PBXBuildFile section */

/* Begin PBXFileReference section */
		410000000000000000000001 /* KnuckledApp.swift */ = {isa = PBXFileReference; lastKnownFileType = sourcecode.swift; path = KnuckledApp.swift; sourceTree = "<group>"; };
		410000000000000000000002 /* Theme.swift */ = {isa = PBXFileReference; lastKnownFileType = sourcecode.swift; path = Theme.swift; sourceTree = "<group>"; };
		410000000000000000000003 /* StartScreen.swift */ = {isa = PBXFileReference; lastKnownFileType = sourcecode.swift; path = StartScreen.swift; sourceTree = "<group>"; };
		410000000000000000000004 /* GameSession.swift */ = {isa = PBXFileReference; lastKnownFileType = sourcecode.swift; path = GameSession.swift; sourceTree = "<group>"; };
		410000000000000000000005 /* GameScreen.swift */ = {isa = PBXFileReference; lastKnownFileType = sourcecode.swift; path = GameScreen.swift; sourceTree = "<group>"; };
		410000000000000000000006 /* BoardViews.swift */ = {isa = PBXFileReference; lastKnownFileType = sourcecode.swift; path = BoardViews.swift; sourceTree = "<group>"; };
		410000000000000000000007 /* DieView.swift */ = {isa = PBXFileReference; lastKnownFileType = sourcecode.swift; path = DieView.swift; sourceTree = "<group>"; };
		410000000000000000000008 /* ResultOverlays.swift */ = {isa = PBXFileReference; lastKnownFileType = sourcecode.swift; path = ResultOverlays.swift; sourceTree = "<group>"; };
		410000000000000000000009 /* CinzelBold.ttf */ = {isa = PBXFileReference; lastKnownFileType = file; path = CinzelBold.ttf; sourceTree = "<group>"; };
		410000000000000000000010 /* GameSessionTests.swift */ = {isa = PBXFileReference; lastKnownFileType = sourcecode.swift; path = GameSessionTests.swift; sourceTree = "<group>"; };
		410000000000000000000011 /* ColumnDisplayTests.swift */ = {isa = PBXFileReference; lastKnownFileType = sourcecode.swift; path = ColumnDisplayTests.swift; sourceTree = "<group>"; };
		410000000000000000000012 /* SoloSmokeTests.swift */ = {isa = PBXFileReference; lastKnownFileType = sourcecode.swift; path = SoloSmokeTests.swift; sourceTree = "<group>"; };
		410000000000000000000013 /* Info.plist */ = {isa = PBXFileReference; lastKnownFileType = text.plist.xml; path = Info.plist; sourceTree = "<group>"; };
		410000000000000000000014 /* Knuckled.app */ = {isa = PBXFileReference; explicitFileType = wrapper.application; includeInIndex = 0; path = Knuckled.app; sourceTree = BUILT_PRODUCTS_DIR; };
		410000000000000000000015 /* KnuckledTests.xctest */ = {isa = PBXFileReference; explicitFileType = wrapper.cfbundle; includeInIndex = 0; path = KnuckledTests.xctest; sourceTree = BUILT_PRODUCTS_DIR; };
		410000000000000000000016 /* KnuckledUITests.xctest */ = {isa = PBXFileReference; explicitFileType = wrapper.cfbundle; includeInIndex = 0; path = KnuckledUITests.xctest; sourceTree = BUILT_PRODUCTS_DIR; };
		2B7B52F312825ADD8AB2AEF8 /* PrivacyInfo.xcprivacy */ = {isa = PBXFileReference; lastKnownFileType = text.plist.xml; path = PrivacyInfo.xcprivacy; sourceTree = "<group>"; };
		9A8EE6675C6B5F4D9B209DF6 /* SettingsStoreTests.swift */ = {isa = PBXFileReference; lastKnownFileType = sourcecode.swift; path = SettingsStoreTests.swift; sourceTree = "<group>"; };
		74D4FAEF281B52B4AB03E6A1 /* SettingsStore.swift */ = {isa = PBXFileReference; lastKnownFileType = sourcecode.swift; path = SettingsStore.swift; sourceTree = "<group>"; };
		0B55777F263C5AF98EB88BC7 /* land.wav */ = {isa = PBXFileReference; lastKnownFileType = audio.wav; path = Sounds/land.wav; sourceTree = "<group>"; };
		E6DA16D5539157DD944E8092 /* lose.wav */ = {isa = PBXFileReference; lastKnownFileType = audio.wav; path = Sounds/lose.wav; sourceTree = "<group>"; };
		188661DB0B9257298F84FD79 /* rattle.wav */ = {isa = PBXFileReference; lastKnownFileType = audio.wav; path = Sounds/rattle.wav; sourceTree = "<group>"; };
		F7E3D3C4C6C55A7C8D62B179 /* tap.wav */ = {isa = PBXFileReference; lastKnownFileType = audio.wav; path = Sounds/tap.wav; sourceTree = "<group>"; };
		F1007476B66B5B4E883CC7A9 /* win.wav */ = {isa = PBXFileReference; lastKnownFileType = audio.wav; path = Sounds/win.wav; sourceTree = "<group>"; };
		BDF3CEA8A0F5577DA2B41A02 /* SoundManagerTests.swift */ = {isa = PBXFileReference; lastKnownFileType = sourcecode.swift; path = SoundManagerTests.swift; sourceTree = "<group>"; };
		F95FA831DD9B50F59965578F /* SoundManager.swift */ = {isa = PBXFileReference; lastKnownFileType = sourcecode.swift; path = SoundManager.swift; sourceTree = "<group>"; };
		7C6D4118AA6D5071BF99C9BF /* Haptics.swift */ = {isa = PBXFileReference; lastKnownFileType = sourcecode.swift; path = Haptics.swift; sourceTree = "<group>"; };
/* End PBXFileReference section */

/* Begin PBXFrameworksBuildPhase section */
		430000000000000000000003 /* Frameworks */ = {
			isa = PBXFrameworksBuildPhase;
			buildActionMask = 2147483647;
			files = (
				420000000000000000000013 /* KnuckledCore in Frameworks */,
			);
			runOnlyForDeploymentPostprocessing = 0;
		};
		430000000000000000000006 /* Frameworks */ = {
			isa = PBXFrameworksBuildPhase;
			buildActionMask = 2147483647;
			files = (
				420000000000000000000014 /* KnuckledCore in Frameworks */,
			);
			runOnlyForDeploymentPostprocessing = 0;
		};
		430000000000000000000009 /* Frameworks */ = {
			isa = PBXFrameworksBuildPhase;
			buildActionMask = 2147483647;
			files = (
			);
			runOnlyForDeploymentPostprocessing = 0;
		};
/* End PBXFrameworksBuildPhase section */

/* Begin PBXGroup section */
		400000000000000000000001 = {
			isa = PBXGroup;
			children = (
				400000000000000000000002 /* Knuckled */,
				400000000000000000000003 /* KnuckledTests */,
				400000000000000000000004 /* KnuckledUITests */,
				400000000000000000000005 /* Products */,
			);
			sourceTree = "<group>";
		};
		400000000000000000000002 /* Knuckled */ = {
			isa = PBXGroup;
			children = (
				410000000000000000000001 /* KnuckledApp.swift */,
				410000000000000000000002 /* Theme.swift */,
				410000000000000000000003 /* StartScreen.swift */,
				410000000000000000000004 /* GameSession.swift */,
				410000000000000000000005 /* GameScreen.swift */,
				410000000000000000000006 /* BoardViews.swift */,
				410000000000000000000007 /* DieView.swift */,
				410000000000000000000008 /* ResultOverlays.swift */,
				410000000000000000000013 /* Info.plist */,
				400000000000000000000006 /* Resources */,
				2B7B52F312825ADD8AB2AEF8 /* PrivacyInfo.xcprivacy */,
				74D4FAEF281B52B4AB03E6A1 /* SettingsStore.swift */,
				F95FA831DD9B50F59965578F /* SoundManager.swift */,
				7C6D4118AA6D5071BF99C9BF /* Haptics.swift */,
			);
			path = Knuckled;
			sourceTree = "<group>";
		};
		400000000000000000000003 /* KnuckledTests */ = {
			isa = PBXGroup;
			children = (
				410000000000000000000010 /* GameSessionTests.swift */,
				410000000000000000000011 /* ColumnDisplayTests.swift */,
				9A8EE6675C6B5F4D9B209DF6 /* SettingsStoreTests.swift */,
				BDF3CEA8A0F5577DA2B41A02 /* SoundManagerTests.swift */,
			);
			path = KnuckledTests;
			sourceTree = "<group>";
		};
		400000000000000000000004 /* KnuckledUITests */ = {
			isa = PBXGroup;
			children = (
				410000000000000000000012 /* SoloSmokeTests.swift */,
			);
			path = KnuckledUITests;
			sourceTree = "<group>";
		};
		400000000000000000000005 /* Products */ = {
			isa = PBXGroup;
			children = (
				410000000000000000000014 /* Knuckled.app */,
				410000000000000000000015 /* KnuckledTests.xctest */,
				410000000000000000000016 /* KnuckledUITests.xctest */,
			);
			name = Products;
			sourceTree = "<group>";
		};
		400000000000000000000006 /* Resources */ = {
			isa = PBXGroup;
			children = (
				410000000000000000000009 /* CinzelBold.ttf */,
				0B55777F263C5AF98EB88BC7 /* land.wav */,
				E6DA16D5539157DD944E8092 /* lose.wav */,
				188661DB0B9257298F84FD79 /* rattle.wav */,
				F7E3D3C4C6C55A7C8D62B179 /* tap.wav */,
				F1007476B66B5B4E883CC7A9 /* win.wav */,
			);
			path = Resources;
			sourceTree = "<group>";
		};
/* End PBXGroup section */

/* Begin PBXNativeTarget section */
		200000000000000000000001 /* Knuckled */ = {
			isa = PBXNativeTarget;
			buildConfigurationList = 300000000000000000000002 /* Build configuration list for PBXNativeTarget "Knuckled" */;
			buildPhases = (
				430000000000000000000001 /* Sources */,
				430000000000000000000002 /* Resources */,
				430000000000000000000003 /* Frameworks */,
			);
			buildRules = (
			);
			dependencies = (
			);
			name = Knuckled;
			packageProductDependencies = (
				450000000000000000000002 /* KnuckledCore */,
			);
			productName = Knuckled;
			productReference = 410000000000000000000014 /* Knuckled.app */;
			productType = "com.apple.product-type.application";
		};
		200000000000000000000002 /* KnuckledTests */ = {
			isa = PBXNativeTarget;
			buildConfigurationList = 300000000000000000000003 /* Build configuration list for PBXNativeTarget "KnuckledTests" */;
			buildPhases = (
				430000000000000000000004 /* Sources */,
				430000000000000000000006 /* Frameworks */,
			);
			buildRules = (
			);
			dependencies = (
				440000000000000000000001 /* PBXTargetDependency */,
			);
			name = KnuckledTests;
			packageProductDependencies = (
				450000000000000000000002 /* KnuckledCore */,
			);
			productName = KnuckledTests;
			productReference = 410000000000000000000015 /* KnuckledTests.xctest */;
			productType = "com.apple.product-type.bundle.unit-test";
		};
		200000000000000000000003 /* KnuckledUITests */ = {
			isa = PBXNativeTarget;
			buildConfigurationList = 300000000000000000000004 /* Build configuration list for PBXNativeTarget "KnuckledUITests" */;
			buildPhases = (
				430000000000000000000007 /* Sources */,
				430000000000000000000009 /* Frameworks */,
			);
			buildRules = (
			);
			dependencies = (
				440000000000000000000002 /* PBXTargetDependency */,
			);
			name = KnuckledUITests;
			productName = KnuckledUITests;
			productReference = 410000000000000000000016 /* KnuckledUITests.xctest */;
			productType = "com.apple.product-type.bundle.ui-testing";
		};
/* End PBXNativeTarget section */

/* Begin PBXProject section */
		100000000000000000000001 /* Project object */ = {
			isa = PBXProject;
			attributes = {
				BuildIndependentTargetsInParallel = 1;
				LastSwiftUpdateCheck = 1700;
				TargetAttributes = {
					200000000000000000000001 /* Knuckled */ = {
						CreatedOnToolsVersion = 17.0;
					};
					200000000000000000000002 /* KnuckledTests */ = {
						CreatedOnToolsVersion = 17.0;
						TestTargetID = 200000000000000000000001 /* Knuckled */;
					};
					200000000000000000000003 /* KnuckledUITests */ = {
						CreatedOnToolsVersion = 17.0;
						TestTargetID = 200000000000000000000001 /* Knuckled */;
					};
				};
			};
			buildConfigurationList = 300000000000000000000001 /* Build configuration list for PBXProject "Knuckled" */;
			compatibilityVersion = "Xcode 16.0";
			developmentRegion = en;
			hasScannedForEncodings = 0;
			knownRegions = (
				en,
				Base,
			);
			mainGroup = 400000000000000000000001;
			packageReferences = (
				450000000000000000000001 /* XCRemoteSwiftPackageReference "KnuckledCore" */,
			);
			productRefGroup = 400000000000000000000005 /* Products */;
			projectDirPath = "";
			projectRoot = "";
			targets = (
				200000000000000000000001 /* Knuckled */,
				200000000000000000000002 /* KnuckledTests */,
				200000000000000000000003 /* KnuckledUITests */,
			);
		};
/* End PBXProject section */

/* Begin PBXResourcesBuildPhase section */
		430000000000000000000002 /* Resources */ = {
			isa = PBXResourcesBuildPhase;
			buildActionMask = 2147483647;
			files = (
				420000000000000000000009 /* CinzelBold.ttf in Resources */,
				B3D3BA711BA55DC794063E76 /* PrivacyInfo.xcprivacy in Resources */,
				D1D8C1B944185A568579DD0C /* land.wav in Resources */,
				6625F8B1AFD158B69E23117D /* lose.wav in Resources */,
				1B605595B23F5461A3127CEE /* rattle.wav in Resources */,
				CE63230939A052EDBDE80A3A /* tap.wav in Resources */,
				AEDD0D7C6B6A5928B71F57BC /* win.wav in Resources */,
			);
			runOnlyForDeploymentPostprocessing = 0;
		};
/* End PBXResourcesBuildPhase section */

/* Begin PBXSourcesBuildPhase section */
		430000000000000000000001 /* Sources */ = {
			isa = PBXSourcesBuildPhase;
			buildActionMask = 2147483647;
			files = (
				420000000000000000000001 /* KnuckledApp.swift in Sources */,
				420000000000000000000002 /* Theme.swift in Sources */,
				420000000000000000000003 /* StartScreen.swift in Sources */,
				420000000000000000000004 /* GameSession.swift in Sources */,
				420000000000000000000005 /* GameScreen.swift in Sources */,
				420000000000000000000006 /* BoardViews.swift in Sources */,
				420000000000000000000007 /* DieView.swift in Sources */,
				420000000000000000000008 /* ResultOverlays.swift in Sources */,
				E972CDB306015AEB950F5372 /* SettingsStore.swift in Sources */,
				A4F23A4BDE2E5854B15CCD2E /* SoundManager.swift in Sources */,
				94120BB8B4CE5246B21A8F2F /* Haptics.swift in Sources */,
			);
			runOnlyForDeploymentPostprocessing = 0;
		};
		430000000000000000000004 /* Sources */ = {
			isa = PBXSourcesBuildPhase;
			buildActionMask = 2147483647;
			files = (
				420000000000000000000010 /* GameSessionTests.swift in Sources */,
				420000000000000000000011 /* ColumnDisplayTests.swift in Sources */,
				8145EA50163759D794C2A6D7 /* SettingsStoreTests.swift in Sources */,
				72FB4062D0D5501A96CB81C0 /* SoundManagerTests.swift in Sources */,
			);
			runOnlyForDeploymentPostprocessing = 0;
		};
		430000000000000000000007 /* Sources */ = {
			isa = PBXSourcesBuildPhase;
			buildActionMask = 2147483647;
			files = (
				420000000000000000000012 /* SoloSmokeTests.swift in Sources */,
			);
			runOnlyForDeploymentPostprocessing = 0;
		};
/* End PBXSourcesBuildPhase section */

/* Begin PBXTargetDependency section */
		440000000000000000000001 /* PBXTargetDependency */ = {
			isa = PBXTargetDependency;
			target = 200000000000000000000001 /* Knuckled */;
			targetProxy = 440000000000000000000003 /* PBXContainerItemProxy */;
		};
		440000000000000000000002 /* PBXTargetDependency */ = {
			isa = PBXTargetDependency;
			target = 200000000000000000000001 /* Knuckled */;
			targetProxy = 440000000000000000000004 /* PBXContainerItemProxy */;
		};
		440000000000000000000003 /* PBXContainerItemProxy */ = {
			isa = PBXContainerItemProxy;
			containerPortal = 100000000000000000000001 /* Project object */;
			proxyType = 1;
			remoteGlobalIDString = 200000000000000000000001;
			remoteInfo = Knuckled;
		};
		440000000000000000000004 /* PBXContainerItemProxy */ = {
			isa = PBXContainerItemProxy;
			containerPortal = 100000000000000000000001 /* Project object */;
			proxyType = 1;
			remoteInfo = Knuckled;
			remoteGlobalIDString = 200000000000000000000001;
		};
/* End PBXTargetDependency section */

/* Begin XCBuildConfiguration section */
		310000000000000000000001 /* Debug */ = {
			isa = XCBuildConfiguration;
			buildSettings = {
				ALWAYS_SEARCH_USER_PATHS = NO;
				CLANG_ANALYZER_NONNULL = YES;
				CLANG_ANALYZER_NUMBER_OBJECT_CONVERSION = YES_AGGRESSIVE;
				CLANG_CXX_LANGUAGE_STANDARD = "gnu++20";
				CLANG_ENABLE_MODULES = YES;
				CLANG_ENABLE_OBJC_ARC = YES;
				COPY_PHASE_STRIP = NO;
				DEBUG_INFORMATION_FORMAT = dwarf;
				ENABLE_STRICT_OBJCM_MSGSEND = YES;
				ENABLE_TESTABILITY = YES;
				ENABLE_USER_SCRIPT_SANDBOXING = NO;
				GCC_C_LANGUAGE_STANDARD = gnu17;
				GCC_DYNAMIC_NO_PIC = NO;
				GCC_OPTIMIZATION_LEVEL = 0;
				GCC_PREPROCESSOR_DEFINITIONS = (
					"DEBUG=1",
					"$(inherited)",
				);
				IPHONEOS_DEPLOYMENT_TARGET = 17.0;
				MTL_ENABLE_DEBUG_INFO = INCLUDE_SOURCE;
				MTL_FAST_MATH = YES;
				ONLY_ACTIVE_ARCH = YES;
				SDKROOT = iphoneos;
				SWIFT_ACTIVE_COMPILATION_CONDITIONS = DEBUG;
				SWIFT_OPTIMIZATION_LEVEL = "-Onone";
			};
			name = Debug;
		};
		310000000000000000000002 /* Release */ = {
			isa = XCBuildConfiguration;
			buildSettings = {
				ALWAYS_SEARCH_USER_PATHS = NO;
				CLANG_ANALYZER_NONNULL = YES;
				CLANG_ANALYZER_NUMBER_OBJECT_CONVERSION = YES_AGGRESSIVE;
				CLANG_CXX_LANGUAGE_STANDARD = "gnu++20";
				CLANG_ENABLE_MODULES = YES;
				CLANG_ENABLE_OBJC_ARC = YES;
				COPY_PHASE_STRIP = NO;
				DEBUG_INFORMATION_FORMAT = "dwarf-with-dsym";
				ENABLE_NS_ASSERTIONS = NO;
				ENABLE_STRICT_OBJCM_MSGSEND = YES;
				ENABLE_USER_SCRIPT_SANDBOXING = NO;
				GCC_C_LANGUAGE_STANDARD = gnu17;
				MTL_ENABLE_DEBUG_INFO = NO;
				MTL_FAST_MATH = YES;
				SDKROOT = iphoneos;
				SWIFT_COMPILATION_MODE = wholemodule;
				SWIFT_OPTIMIZATION_LEVEL = "-O";
			};
			name = Release;
		};
		310000000000000000000003 /* Debug */ = {
			isa = XCBuildConfiguration;
			buildSettings = {
				ASSETCATALOG_COMPILER_GENERATE_SWIFT_ASSET_SYMBOL_EXTENSIONS = YES;
				CODE_SIGN_STYLE = Automatic;
				CURRENT_PROJECT_VERSION = 1;
				GENERATE_INFOPLIST_FILE = NO;
				INFOPLIST_FILE = Knuckled/Info.plist;
				IPHONEOS_DEPLOYMENT_TARGET = 17.0;
				LD_RUNPATH_SEARCH_PATHS = (
					"$(inherited)",
					"@executable_path/Frameworks",
				);
				MARKETING_VERSION = 1.0;
				PRODUCT_BUNDLE_IDENTIFIER = com.example.knucklegame;
				PRODUCT_NAME = "$(TARGET_NAME)";
				SWIFT_EMIT_LOC_STRINGS = YES;
				SWIFT_VERSION = 5.0;
				TARGETED_DEVICE_FAMILY = "1,2";
			};
			name = Debug;
		};
		310000000000000000000004 /* Release */ = {
			isa = XCBuildConfiguration;
			buildSettings = {
				ASSETCATALOG_COMPILER_GENERATE_SWIFT_ASSET_SYMBOL_EXTENSIONS = YES;
				CODE_SIGN_STYLE = Automatic;
				CURRENT_PROJECT_VERSION = 1;
				GENERATE_INFOPLIST_FILE = NO;
				INFOPLIST_FILE = Knuckled/Info.plist;
				IPHONEOS_DEPLOYMENT_TARGET = 17.0;
				LD_RUNPATH_SEARCH_PATHS = (
					"$(inherited)",
					"@executable_path/Frameworks",
				);
				MARKETING_VERSION = 1.0;
				PRODUCT_BUNDLE_IDENTIFIER = com.example.knucklegame;
				PRODUCT_NAME = "$(TARGET_NAME)";
				SWIFT_EMIT_LOC_STRINGS = YES;
				SWIFT_VERSION = 5.0;
				TARGETED_DEVICE_FAMILY = "1,2";
			};
			name = Release;
		};
		310000000000000000000005 /* Debug */ = {
			isa = XCBuildConfiguration;
			buildSettings = {
				BUNDLE_LOADER = "$(TEST_HOST)";
				CODE_SIGN_STYLE = Automatic;
				CURRENT_PROJECT_VERSION = 1;
				GENERATE_INFOPLIST_FILE = YES;
				IPHONEOS_DEPLOYMENT_TARGET = 17.0;
				MARKETING_VERSION = 1.0;
				PRODUCT_BUNDLE_IDENTIFIER = com.example.knucklegame.KnuckledTests;
				PRODUCT_NAME = "$(TARGET_NAME)";
				SWIFT_EMIT_LOC_STRINGS = YES;
				SWIFT_VERSION = 5.0;
				TARGETED_DEVICE_FAMILY = "1,2";
				TEST_HOST = "$(BUILT_PRODUCTS_DIR)/Knuckled.app/Knuckled";
			};
			name = Debug;
		};
		310000000000000000000006 /* Release */ = {
			isa = XCBuildConfiguration;
			buildSettings = {
				BUNDLE_LOADER = "$(TEST_HOST)";
				CODE_SIGN_STYLE = Automatic;
				CURRENT_PROJECT_VERSION = 1;
				GENERATE_INFOPLIST_FILE = YES;
				IPHONEOS_DEPLOYMENT_TARGET = 17.0;
				MARKETING_VERSION = 1.0;
				PRODUCT_BUNDLE_IDENTIFIER = com.example.knucklegame.KnuckledTests;
				PRODUCT_NAME = "$(TARGET_NAME)";
				SWIFT_EMIT_LOC_STRINGS = YES;
				SWIFT_VERSION = 5.0;
				TARGETED_DEVICE_FAMILY = "1,2";
				TEST_HOST = "$(BUILT_PRODUCTS_DIR)/Knuckled.app/Knuckled";
			};
			name = Release;
		};
		310000000000000000000007 /* Debug */ = {
			isa = XCBuildConfiguration;
			buildSettings = {
				CODE_SIGN_STYLE = Automatic;
				CURRENT_PROJECT_VERSION = 1;
				GENERATE_INFOPLIST_FILE = YES;
				IPHONEOS_DEPLOYMENT_TARGET = 17.0;
				MARKETING_VERSION = 1.0;
				PRODUCT_BUNDLE_IDENTIFIER = com.example.knucklegame.KnuckledUITests;
				PRODUCT_NAME = "$(TARGET_NAME)";
				SWIFT_EMIT_LOC_STRINGS = YES;
				SWIFT_VERSION = 5.0;
				TARGETED_DEVICE_FAMILY = "1,2";
				TEST_TARGET_NAME = Knuckled;
			};
			name = Debug;
		};
		310000000000000000000008 /* Release */ = {
			isa = XCBuildConfiguration;
			buildSettings = {
				CODE_SIGN_STYLE = Automatic;
				CURRENT_PROJECT_VERSION = 1;
				GENERATE_INFOPLIST_FILE = YES;
				IPHONEOS_DEPLOYMENT_TARGET = 17.0;
				MARKETING_VERSION = 1.0;
				PRODUCT_BUNDLE_IDENTIFIER = com.example.knucklegame.KnuckledUITests;
				PRODUCT_NAME = "$(TARGET_NAME)";
				SWIFT_EMIT_LOC_STRINGS = YES;
				SWIFT_VERSION = 5.0;
				TARGETED_DEVICE_FAMILY = "1,2";
				TEST_TARGET_NAME = Knuckled;
			};
			name = Release;
		};
/* End XCBuildConfiguration section */

/* Begin XCConfigurationList section */
		300000000000000000000001 /* Build configuration list for PBXProject "Knuckled" */ = {
			isa = XCConfigurationList;
			buildConfigurations = (
				310000000000000000000001 /* Debug */,
				310000000000000000000002 /* Release */,
			);
			defaultConfigurationIsVisible = 0;
			defaultConfigurationName = Release;
		};
		300000000000000000000002 /* Build configuration list for PBXNativeTarget "Knuckled" */ = {
			isa = XCConfigurationList;
			buildConfigurations = (
				310000000000000000000003 /* Debug */,
				310000000000000000000004 /* Release */,
			);
			defaultConfigurationIsVisible = 0;
			defaultConfigurationName = Release;
		};
		300000000000000000000003 /* Build configuration list for PBXNativeTarget "KnuckledTests" */ = {
			isa = XCConfigurationList;
			buildConfigurations = (
				310000000000000000000005 /* Debug */,
				310000000000000000000006 /* Release */,
			);
			defaultConfigurationIsVisible = 0;
			defaultConfigurationName = Release;
		};
		300000000000000000000004 /* Build configuration list for PBXNativeTarget "KnuckledUITests" */ = {
			isa = XCConfigurationList;
			buildConfigurations = (
				310000000000000000000007 /* Debug */,
				310000000000000000000008 /* Release */,
			);
			defaultConfigurationIsVisible = 0;
			defaultConfigurationName = Release;
		};
/* End XCConfigurationList section */

/* Begin XCLocalSwiftPackageReference section */
		450000000000000000000001 /* XCRemoteSwiftPackageReference "KnuckledCore" */ = {
			isa = XCLocalSwiftPackageReference;
			relativePath = .;
		};
/* End XCLocalSwiftPackageReference section */

/* Begin XCSwiftPackageProductDependency section */
		450000000000000000000002 /* KnuckledCore */ = {
			isa = XCSwiftPackageProductDependency;
			package = 450000000000000000000001 /* XCRemoteSwiftPackageReference "KnuckledCore" */;
			productName = KnuckledCore;
		};
/* End XCSwiftPackageProductDependency section */

	};
	rootObject = 100000000000000000000001 /* Project object */;
}
